// !$*UTF8*$!
{
	archiveVersion = 1;
	classes = {
	};
	objectVersion = 50;
	objects = {

/* Begin PBXBuildFile section */
		2DE1BE0D249186D000EDFB84 /* AppDelegate.swift in Sources */ = {isa = PBXBuildFile; fileRef = 2DE1BE0C249186D000EDFB84 /* AppDelegate.swift */; };
		2DE1BE0F249186D000EDFB84 /* art.scnassets in Resources */ = {isa = PBXBuildFile; fileRef = 2DE1BE0E249186D000EDFB84 /* art.scnassets */; };
		2DE1BE11249186D000EDFB84 /* ViewController.swift in Sources */ = {isa = PBXBuildFile; fileRef = 2DE1BE10249186D000EDFB84 /* ViewController.swift */; };
		2DE1BE14249186D000EDFB84 /* Main.storyboard in Resources */ = {isa = PBXBuildFile; fileRef = 2DE1BE12249186D000EDFB84 /* Main.storyboard */; };
		2DE1BE16249186D400EDFB84 /* Assets.xcassets in Resources */ = {isa = PBXBuildFile; fileRef = 2DE1BE15249186D400EDFB84 /* Assets.xcassets */; };
		2DE1BE19249186D400EDFB84 /* LaunchScreen.storyboard in Resources */ = {isa = PBXBuildFile; fileRef = 2DE1BE17249186D400EDFB84 /* LaunchScreen.storyboard */; };
		2DE1BE24249186D400EDFB84 /* DesignCodeARKitTests.swift in Sources */ = {isa = PBXBuildFile; fileRef = 2DE1BE23249186D400EDFB84 /* DesignCodeARKitTests.swift */; };
		2DE1BE2F249186D400EDFB84 /* DesignCodeARKitUITests.swift in Sources */ = {isa = PBXBuildFile; fileRef = 2DE1BE2E249186D400EDFB84 /* DesignCodeARKitUITests.swift */; };
/* End PBXBuildFile section */

/* Begin PBXContainerItemProxy section */
		2DE1BE20249186D400EDFB84 /* PBXContainerItemProxy */ = {
			isa = PBXContainerItemProxy;
			containerPortal = 2DE1BE01249186D000EDFB84 /* Project object */;
			proxyType = 1;
			remoteGlobalIDString = 2DE1BE08249186D000EDFB84;
			remoteInfo = DesignCodeARKit;
		};
		2DE1BE2B249186D400EDFB84 /* PBXContainerItemProxy */ = {
			isa = PBXContainerItemProxy;
			containerPortal = 2DE1BE01249186D000EDFB84 /* Project object */;
			proxyType = 1;
			remoteGlobalIDString = 2DE1BE08249186D000EDFB84;
			remoteInfo = DesignCodeARKit;
		};
/* End PBXContainerItemProxy section */

/* Begin PBXFileReference section */
		2DE1BE09249186D000EDFB84 /* DesignCodeARKit.app */ = {isa = PBXFileReference; explicitFileType = wrapper.application; includeInIndex = 0; path = DesignCodeARKit.app; sourceTree = BUILT_PRODUCTS_DIR; };
		2DE1BE0C249186D000EDFB84 /* AppDelegate.swift */ = {isa = PBXFileReference; lastKnownFileType = sourcecode.swift; path = AppDelegate.swift; sourceTree = "<group>"; };
		2DE1BE0E249186D000EDFB84 /* art.scnassets */ = {isa = PBXFileReference; lastKnownFileType = wrapper.scnassets; path = art.scnassets; sourceTree = "<group>"; };
		2DE1BE10249186D000EDFB84 /* ViewController.swift */ = {isa = PBXFileReference; lastKnownFileType = sourcecode.swift; path = ViewController.swift; sourceTree = "<group>"; };
		2DE1BE13249186D000EDFB84 /* Base */ = {isa = PBXFileReference; lastKnownFileType = file.storyboard; name = Base; path = Base.lproj/Main.storyboard; sourceTree = "<group>"; };
		2DE1BE15249186D400EDFB84 /* Assets.xcassets */ = {isa = PBXFileReference; lastKnownFileType = folder.assetcatalog; path = Assets.xcassets; sourceTree = "<group>"; };
		2DE1BE18249186D400EDFB84 /* Base */ = {isa = PBXFileReference; lastKnownFileType = file.storyboard; name = Base; path = Base.lproj/LaunchScreen.storyboard; sourceTree = "<group>"; };
		2DE1BE1A249186D400EDFB84 /* Info.plist */ = {isa = PBXFileReference; lastKnownFileType = text.plist.xml; path = Info.plist; sourceTree = "<group>"; };
		2DE1BE1F249186D400EDFB84 /* DesignCodeARKitTests.xctest */ = {isa = PBXFileReference; explicitFileType = wrapper.cfbundle; includeInIndex = 0; path = DesignCodeARKitTests.xctest; sourceTree = BUILT_PRODUCTS_DIR; };
		2DE1BE23249186D400EDFB84 /* DesignCodeARKitTests.swift */ = {isa = PBXFileReference; lastKnownFileType = sourcecode.swift; path = DesignCodeARKitTests.swift; sourceTree = "<group>"; };
		2DE1BE25249186D400EDFB84 /* Info.plist */ = {isa = PBXFileReference; lastKnownFileType = text.plist.xml; path = Info.plist; sourceTree = "<group>"; };
		2DE1BE2A249186D400EDFB84 /* DesignCodeARKitUITests.xctest */ = {isa = PBXFileReference; explicitFileType = wrapper.cfbundle; includeInIndex = 0; path = DesignCodeARKitUITests.xctest; sourceTree = BUILT_PRODUCTS_DIR; };
		2DE1BE2E249186D400EDFB84 /* DesignCodeARKitUITests.swift */ = {isa = PBXFileReference; lastKnownFileType = sourcecode.swift; path = DesignCodeARKitUITests.swift; sourceTree = "<group>"; };
		2DE1BE30249186D400EDFB84 /* Info.plist */ = {isa = PBXFileReference; lastKnownFileType = text.plist.xml; path = Info.plist; sourceTree = "<group>"; };
/* End PBXFileReference section */

/* Begin PBXFrameworksBuildPhase section */
		2DE1BE06249186D000EDFB84 /* Frameworks */ = {
			isa = PBXFrameworksBuildPhase;
			buildActionMask = 2147483647;
			files = (
			);
			runOnlyForDeploymentPostprocessing = 0;
		};
		2DE1BE1C249186D400EDFB84 /* Frameworks */ = {
			isa = PBXFrameworksBuildPhase;
			buildActionMask = 2147483647;
			files = (
			);
			runOnlyForDeploymentPostprocessing = 0;
		};
		2DE1BE27249186D400EDFB84 /* Frameworks */ = {
			isa = PBXFrameworksBuildPhase;
			buildActionMask = 2147483647;
			files = (
			);
			runOnlyForDeploymentPostprocessing = 0;
		};
/* End PBXFrameworksBuildPhase section */

/* Begin PBXGroup section */
		2DE1BE00249186D000EDFB84 = {
			isa = PBXGroup;
			children = (
				2DE1BE0B249186D000EDFB84 /* DesignCodeARKit */,
				2DE1BE22249186D400EDFB84 /* DesignCodeARKitTests */,
				2DE1BE2D249186D400EDFB84 /* DesignCodeARKitUITests */,
				2DE1BE0A249186D000EDFB84 /* Products */,
			);
			sourceTree = "<group>";
		};
		2DE1BE0A249186D000EDFB84 /* Products */ = {
			isa = PBXGroup;
			children = (
				2DE1BE09249186D000EDFB84 /* DesignCodeARKit.app */,
				2DE1BE1F249186D400EDFB84 /* DesignCodeARKitTests.xctest */,
				2DE1BE2A249186D400EDFB84 /* DesignCodeARKitUITests.xctest */,
			);
			name = Products;
			sourceTree = "<group>";
		};
		2DE1BE0B249186D000EDFB84 /* DesignCodeARKit */ = {
			isa = PBXGroup;
			children = (
				2DE1BE0C249186D000EDFB84 /* AppDelegate.swift */,
				2DE1BE0E249186D000EDFB84 /* art.scnassets */,
				2DE1BE10249186D000EDFB84 /* ViewController.swift */,
				2DE1BE12249186D000EDFB84 /* Main.storyboard */,
				2DE1BE15249186D400EDFB84 /* Assets.xcassets */,
				2DE1BE17249186D400EDFB84 /* LaunchScreen.storyboard */,
				2DE1BE1A249186D400EDFB84 /* Info.plist */,
			);
			path = DesignCodeARKit;
			sourceTree = "<group>";
		};
		2DE1BE22249186D400EDFB84 /* DesignCodeARKitTests */ = {
			isa = PBXGroup;
			children = (
				2DE1BE23249186D400EDFB84 /* DesignCodeARKitTests.swift */,
				2DE1BE25249186D400EDFB84 /* Info.plist */,
			);
			path = DesignCodeARKitTests;
			sourceTree = "<group>";
		};
		2DE1BE2D249186D400EDFB84 /* DesignCodeARKitUITests */ = {
			isa = PBXGroup;
			children = (
				2DE1BE2E249186D400EDFB84 /* DesignCodeARKitUITests.swift */,
				2DE1BE30249186D400EDFB84 /* Info.plist */,
			);
			path = DesignCodeARKitUITests;
			sourceTree = "<group>";
		};
/* End PBXGroup section */

/* Begin PBXNativeTarget section */
		2DE1BE08249186D000EDFB84 /* DesignCodeARKit */ = {
			isa = PBXNativeTarget;
			buildConfigurationList = 2DE1BE33249186D400EDFB84 /* Build configuration list for PBXNativeTarget "DesignCodeARKit" */;
			buildPhases = (
				2DE1BE05249186D000EDFB84 /* Sources */,
				2DE1BE06249186D000EDFB84 /* Frameworks */,
				2DE1BE07249186D000EDFB84 /* Resources */,
			);
			buildRules = (
			);
			dependencies = (
			);
			name = DesignCodeARKit;
			productName = DesignCodeARKit;
			productReference = 2DE1BE09249186D000EDFB84 /* DesignCodeARKit.app */;
			productType = "com.apple.product-type.application";
		};
		2DE1BE1E249186D400EDFB84 /* DesignCodeARKitTests */ = {
			isa = PBXNativeTarget;
			buildConfigurationList = 2DE1BE36249186D400EDFB84 /* Build configuration list for PBXNativeTarget "DesignCodeARKitTests" */;
			buildPhases = (
				2DE1BE1B249186D400EDFB84 /* Sources */,
				2DE1BE1C249186D400EDFB84 /* Frameworks */,
				2DE1BE1D249186D400EDFB84 /* Resources */,
			);
			buildRules = (
			);
			dependencies = (
				2DE1BE21249186D400EDFB84 /* PBXTargetDependency */,
			);
			name = DesignCodeARKitTests;
			productName = DesignCodeARKitTests;
			productReference = 2DE1BE1F249186D400EDFB84 /* DesignCodeARKitTests.xctest */;
			productType = "com.apple.product-type.bundle.unit-test";
		};
		2DE1BE29249186D400EDFB84 /* DesignCodeARKitUITests */ = {
			isa = PBXNativeTarget;
			buildConfigurationList = 2DE1BE39249186D400EDFB84 /* Build configuration list for PBXNativeTarget "DesignCodeARKitUITests" */;
			buildPhases = (
				2DE1BE26249186D400EDFB84 /* Sources */,
				2DE1BE27249186D400EDFB84 /* Frameworks */,
				2DE1BE28249186D400EDFB84 /* Resources */,
			);
			buildRules = (
			);
			dependencies = (
				2DE1BE2C249186D400EDFB84 /* PBXTargetDependency */,
			);
			name = DesignCodeARKitUITests;
			productName = DesignCodeARKitUITests;
			productReference = 2DE1BE2A249186D400EDFB84 /* DesignCodeARKitUITests.xctest */;
			productType = "com.apple.product-type.bundle.ui-testing";
		};
/* End PBXNativeTarget section */

/* Begin PBXProject section */
		2DE1BE01249186D000EDFB84 /* Project object */ = {
			isa = PBXProject;
			attributes = {
				LastSwiftUpdateCheck = 1150;
				LastUpgradeCheck = 1150;
				ORGANIZATIONNAME = "Fred Zaw";
				TargetAttributes = {
					2DE1BE08249186D000EDFB84 = {
						CreatedOnToolsVersion = 11.5;
					};
					2DE1BE1E249186D400EDFB84 = {
						CreatedOnToolsVersion = 11.5;
						TestTargetID = 2DE1BE08249186D000EDFB84;
					};
					2DE1BE29249186D400EDFB84 = {
						CreatedOnToolsVersion = 11.5;
						TestTargetID = 2DE1BE08249186D000EDFB84;
					};
				};
			};
			buildConfigurationList = 2DE1BE04249186D000EDFB84 /* Build configuration list for PBXProject "DesignCodeARKit" */;
			compatibilityVersion = "Xcode 9.3";
			developmentRegion = en;
			hasScannedForEncodings = 0;
			knownRegions = (
				en,
				Base,
			);
			mainGroup = 2DE1BE00249186D000EDFB84;
			productRefGroup = 2DE1BE0A249186D000EDFB84 /* Products */;
			projectDirPath = "";
			projectRoot = "";
			targets = (
				2DE1BE08249186D000EDFB84 /* DesignCodeARKit */,
				2DE1BE1E249186D400EDFB84 /* DesignCodeARKitTests */,
				2DE1BE29249186D400EDFB84 /* DesignCodeARKitUITests */,
			);
		};
/* End PBXProject section */

/* Begin PBXResourcesBuildPhase section */
		2DE1BE07249186D000EDFB84 /* Resources */ = {
			isa = PBXResourcesBuildPhase;
			buildActionMask = 2147483647;
			files = (
				2DE1BE0F249186D000EDFB84 /* art.scnassets in Resources */,
				2DE1BE19249186D400EDFB84 /* LaunchScreen.storyboard in Resources */,
				2DE1BE16249186D400EDFB84 /* Assets.xcassets in Resources */,
				2DE1BE14249186D000EDFB84 /* Main.storyboard in Resources */,
			);
			runOnlyForDeploymentPostprocessing = 0;
		};
		2DE1BE1D249186D400EDFB84 /* Resources */ = {
			isa = PBXResourcesBuildPhase;
			buildActionMask = 2147483647;
			files = (
			);
			runOnlyForDeploymentPostprocessing = 0;
		};
		2DE1BE28249186D400EDFB84 /* Resources */ = {
			isa = PBXResourcesBuildPhase;
			buildActionMask = 2147483647;
			files = (
			);
			runOnlyForDeploymentPostprocessing = 0;
		};
/* End PBXResourcesBuildPhase section */

/* Begin PBXSourcesBuildPhase section */
		2DE1BE05249186D000EDFB84 /* Sources */ = {
			isa = PBXSourcesBuildPhase;
			buildActionMask = 2147483647;
			files = (
				2DE1BE11249186D000EDFB84 /* ViewController.swift in Sources */,
				2DE1BE0D249186D000EDFB84 /* AppDelegate.swift in Sources */,
			);
			runOnlyForDeploymentPostprocessing = 0;
		};
		2DE1BE1B249186D400EDFB84 /* Sources */ = {
			isa = PBXSourcesBuildPhase;
			buildActionMask = 2147483647;
			files = (
				2DE1BE24249186D400EDFB84 /* DesignCodeARKitTests.swift in Sources */,
			);
			runOnlyForDeploymentPostprocessing = 0;
		};
		2DE1BE26249186D400EDFB84 /* Sources */ = {
			isa = PBXSourcesBuildPhase;
			buildActionMask = 2147483647;
			files = (
				2DE1BE2F249186D400EDFB84 /* DesignCodeARKitUITests.swift in Sources */,
			);
			runOnlyForDeploymentPostprocessing = 0;
		};
/* End PBXSourcesBuildPhase section */

/* Begin PBXTargetDependency section */
		2DE1BE21249186D400EDFB84 /* PBXTargetDependency */ = {
			isa = PBXTargetDependency;
			target = 2DE1BE08249186D000EDFB84 /* DesignCodeARKit */;
			targetProxy = 2DE1BE20249186D400EDFB84 /* PBXContainerItemProxy */;
		};
		2DE1BE2C249186D400EDFB84 /* PBXTargetDependency */ = {
			isa = PBXTargetDependency;
			target = 2DE1BE08249186D000EDFB84 /* DesignCodeARKit */;
			targetProxy = 2DE1BE2B249186D400EDFB84 /* PBXContainerItemProxy */;
		};
/* End PBXTargetDependency section */

/* Begin PBXVariantGroup section */
		2DE1BE12249186D000EDFB84 /* Main.storyboard */ = {
			isa = PBXVariantGroup;
			children = (
				2DE1BE13249186D000EDFB84 /* Base */,
			);
			name = Main.storyboard;
			sourceTree = "<group>";
		};
		2DE1BE17249186D400EDFB84 /* LaunchScreen.storyboard */ = {
			isa = PBXVariantGroup;
			children = (
				2DE1BE18249186D400EDFB84 /* Base */,
			);
			name = LaunchScreen.storyboard;
			sourceTree = "<group>";
		};
/* End PBXVariantGroup section */

/* Begin XCBuildConfiguration section */
		2DE1BE31249186D400EDFB84 /* Debug */ = {
			isa = XCBuildConfiguration;
			buildSettings = {
				ALWAYS_SEARCH_USER_PATHS = NO;
				CLANG_ANALYZER_NONNULL = YES;
				CLANG_ANALYZER_NUMBER_OBJECT_CONVERSION = YES_AGGRESSIVE;
				CLANG_CXX_LANGUAGE_STANDARD = "gnu++14";
				CLANG_CXX_LIBRARY = "libc++";
				CLANG_ENABLE_MODULES = YES;
				CLANG_ENABLE_OBJC_ARC = YES;
				CLANG_ENABLE_OBJC_WEAK = YES;
				CLANG_WARN_BLOCK_CAPTURE_AUTORELEASING = YES;
				CLANG_WARN_BOOL_CONVERSION = YES;
				CLANG_WARN_COMMA = YES;
				CLANG_WARN_CONSTANT_CONVERSION = YES;
				CLANG_WARN_DEPRECATED_OBJC_IMPLEMENTATIONS = YES;
				CLANG_WARN_DIRECT_OBJC_ISA_USAGE = YES_ERROR;
				CLANG_WARN_DOCUMENTATION_COMMENTS = YES;
				CLANG_WARN_EMPTY_BODY = YES;
				CLANG_WARN_ENUM_CONVERSION = YES;
				CLANG_WARN_INFINITE_RECURSION = YES;
				CLANG_WARN_INT_CONVERSION = YES;
				CLANG_WARN_NON_LITERAL_NULL_CONVERSION = YES;
				CLANG_WARN_OBJC_IMPLICIT_RETAIN_SELF = YES;
				CLANG_WARN_OBJC_LITERAL_CONVERSION = YES;
				CLANG_WARN_OBJC_ROOT_CLASS = YES_ERROR;
				CLANG_WARN_RANGE_LOOP_ANALYSIS = YES;
				CLANG_WARN_STRICT_PROTOTYPES = YES;
				CLANG_WARN_SUSPICIOUS_MOVE = YES;
				CLANG_WARN_UNGUARDED_AVAILABILITY = YES_AGGRESSIVE;
				CLANG_WARN_UNREACHABLE_CODE = YES;
				CLANG_WARN__DUPLICATE_METHOD_MATCH = YES;
				COPY_PHASE_STRIP = NO;
				DEBUG_INFORMATION_FORMAT = dwarf;
				ENABLE_STRICT_OBJC_MSGSEND = YES;
				ENABLE_TESTABILITY = YES;
				GCC_C_LANGUAGE_STANDARD = gnu11;
				GCC_DYNAMIC_NO_PIC = NO;
				GCC_NO_COMMON_BLOCKS = YES;
				GCC_OPTIMIZATION_LEVEL = 0;
				GCC_PREPROCESSOR_DEFINITIONS = (
					"DEBUG=1",
					"$(inherited)",
				);
				GCC_WARN_64_TO_32_BIT_CONVERSION = YES;
				GCC_WARN_ABOUT_RETURN_TYPE = YES_ERROR;
				GCC_WARN_UNDECLARED_SELECTOR = YES;
				GCC_WARN_UNINITIALIZED_AUTOS = YES_AGGRESSIVE;
				GCC_WARN_UNUSED_FUNCTION = YES;
				GCC_WARN_UNUSED_VARIABLE = YES;
				IPHONEOS_DEPLOYMENT_TARGET = 13.5;
				MTL_ENABLE_DEBUG_INFO = INCLUDE_SOURCE;
				MTL_FAST_MATH = YES;
				ONLY_ACTIVE_ARCH = YES;
				SDKROOT = iphoneos;
				SWIFT_ACTIVE_COMPILATION_CONDITIONS = DEBUG;
				SWIFT_OPTIMIZATION_LEVEL = "-Onone";
			};
			name = Debug;
		};
		2DE1BE32249186D400EDFB84 /* Release */ = {
			isa = XCBuildConfiguration;
			buildSettings = {
				ALWAYS_SEARCH_USER_PATHS = NO;
				CLANG_ANALYZER_NONNULL = YES;
				CLANG_ANALYZER_NUMBER_OBJECT_CONVERSION = YES_AGGRESSIVE;
				CLANG_CXX_LANGUAGE_STANDARD = "gnu++14";
				CLANG_CXX_LIBRARY = "libc++";
				CLANG_ENABLE_MODULES = YES;
				CLANG_ENABLE_OBJC_ARC = YES;
				CLANG_ENABLE_OBJC_WEAK = YES;
				CLANG_WARN_BLOCK_CAPTURE_AUTORELEASING = YES;
				CLANG_WARN_BOOL_CONVERSION = YES;
				CLANG_WARN_COMMA = YES;
				CLANG_WARN_CONSTANT_CONVERSION = YES;
				CLANG_WARN_DEPRECATED_OBJC_IMPLEMENTATIONS = YES;
				CLANG_WARN_DIRECT_OBJC_ISA_USAGE = YES_ERROR;
				CLANG_WARN_DOCUMENTATION_COMMENTS = YES;
				CLANG_WARN_EMPTY_BODY = YES;
				CLANG_WARN_ENUM_CONVERSION = YES;
				CLANG_WARN_INFINITE_RECURSION = YES;
				CLANG_WARN_INT_CONVERSION = YES;
				CLANG_WARN_NON_LITERAL_NULL_CONVERSION = YES;
				CLANG_WARN_OBJC_IMPLICIT_RETAIN_SELF = YES;
				CLANG_WARN_OBJC_LITERAL_CONVERSION = YES;
				CLANG_WARN_OBJC_ROOT_CLASS = YES_ERROR;
				CLANG_WARN_RANGE_LOOP_ANALYSIS = YES;
				CLANG_WARN_STRICT_PROTOTYPES = YES;
				CLANG_WARN_SUSPICIOUS_MOVE = YES;
				CLANG_WARN_UNGUARDED_AVAILABILITY = YES_AGGRESSIVE;
				CLANG_WARN_UNREACHABLE_CODE = YES;
				CLANG_WARN__DUPLICATE_METHOD_MATCH = YES;
				COPY_PHASE_STRIP = NO;
				DEBUG_INFORMATION_FORMAT = "dwarf-with-dsym";
				ENABLE_NS_ASSERTIONS = NO;
				ENABLE_STRICT_OBJC_MSGSEND = YES;
				GCC_C_LANGUAGE_STANDARD = gnu11;
				GCC_NO_COMMON_BLOCKS = YES;
				GCC_WARN_64_TO_32_BIT_CONVERSION = YES;
				GCC_WARN_ABOUT_RETURN_TYPE = YES_ERROR;
				GCC_WARN_UNDECLARED_SELECTOR = YES;
				GCC_WARN_UNINITIALIZED_AUTOS = YES_AGGRESSIVE;
				GCC_WARN_UNUSED_FUNCTION = YES;
				GCC_WARN_UNUSED_VARIABLE = YES;
				IPHONEOS_DEPLOYMENT_TARGET = 13.5;
				MTL_ENABLE_DEBUG_INFO = NO;
				MTL_FAST_MATH = YES;
				SDKROOT = iphoneos;
				SWIFT_COMPILATION_MODE = wholemodule;
				SWIFT_OPTIMIZATION_LEVEL = "-O";
				VALIDATE_PRODUCT = YES;
			};
			name = Release;
		};
		2DE1BE34249186D400EDFB84 /* Debug */ = {
			isa = XCBuildConfiguration;
			buildSettings = {
				ASSETCATALOG_COMPILER_APPICON_NAME = AppIcon;
				CODE_SIGN_STYLE = Automatic;
				INFOPLIST_FILE = DesignCodeARKit/Info.plist;
				LD_RUNPATH_SEARCH_PATHS = (
					"$(inherited)",
					"@executable_path/Frameworks",
				);
				PRODUCT_BUNDLE_IDENTIFIER = com..DesignCodeARKit;
				PRODUCT_NAME = "$(TARGET_NAME)";
				SWIFT_VERSION = 5.0;
				TARGETED_DEVICE_FAMILY = "1,2";
			};
			name = Debug;
		};
		2DE1BE35249186D400EDFB84 /* Release */ = {
			isa = XCBuildConfiguration;
			buildSettings = {
				ASSETCATALOG_COMPILER_APPICON_NAME = AppIcon;
				CODE_SIGN_STYLE = Automatic;
				INFOPLIST_FILE = DesignCodeARKit/Info.plist;
				LD_RUNPATH_SEARCH_PATHS = (
					"$(inherited)",
					"@executable_path/Frameworks",
				);
				PRODUCT_BUNDLE_IDENTIFIER = com..DesignCodeARKit;
				PRODUCT_NAME = "$(TARGET_NAME)";
				SWIFT_VERSION = 5.0;
				TARGETED_DEVICE_FAMILY = "1,2";
			};
			name = Release;
		};
		2DE1BE37249186D400EDFB84 /* Debug */ = {
			isa = XCBuildConfiguration;
			buildSettings = {
				ALWAYS_EMBED_SWIFT_STANDARD_LIBRARIES = YES;
				BUNDLE_LOADER = "$(TEST_HOST)";
				CODE_SIGN_STYLE = Automatic;
				INFOPLIST_FILE = DesignCodeARKitTests/Info.plist;
				IPHONEOS_DEPLOYMENT_TARGET = 13.5;
				LD_RUNPATH_SEARCH_PATHS = (
					"$(inherited)",
					"@executable_path/Frameworks",
					"@loader_path/Frameworks",
				);
				PRODUCT_BUNDLE_IDENTIFIER = com..DesignCodeARKitTests;
				PRODUCT_NAME = "$(TARGET_NAME)";
				SWIFT_VERSION = 5.0;
				TARGETED_DEVICE_FAMILY = "1,2";
				TEST_HOST = "$(BUILT_PRODUCTS_DIR)/DesignCodeARKit.app/DesignCodeARKit";
			};
			name = Debug;
		};
		2DE1BE38249186D400EDFB84 /* Release */ = {
			isa = XCBuildConfiguration;
			buildSettings = {
				ALWAYS_EMBED_SWIFT_STANDARD_LIBRARIES = YES;
				BUNDLE_LOADER = "$(TEST_HOST)";
				CODE_SIGN_STYLE = Automatic;
				INFOPLIST_FILE = DesignCodeARKitTests/Info.plist;
				IPHONEOS_DEPLOYMENT_TARGET = 13.5;
				LD_RUNPATH_SEARCH_PATHS = (
					"$(inherited)",
					"@executable_path/Frameworks",
					"@loader_path/Frameworks",
				);
				PRODUCT_BUNDLE_IDENTIFIER = com..DesignCodeARKitTests;
				PRODUCT_NAME = "$(TARGET_NAME)";
				SWIFT_VERSION = 5.0;
				TARGETED_DEVICE_FAMILY = "1,2";
				TEST_HOST = "$(BUILT_PRODUCTS_DIR)/DesignCodeARKit.app/DesignCodeARKit";
			};
			name = Release;
		};
		2DE1BE3A249186D400EDFB84 /* Debug */ = {
			isa = XCBuildConfiguration;
			buildSettings = {
				ALWAYS_EMBED_SWIFT_STANDARD_LIBRARIES = YES;
				CODE_SIGN_STYLE = Automatic;
				INFOPLIST_FILE = DesignCodeARKitUITests/Info.plist;
				LD_RUNPATH_SEARCH_PATHS = (
					"$(inherited)",
					"@executable_path/Frameworks",
					"@loader_path/Frameworks",
				);
				PRODUCT_BUNDLE_IDENTIFIER = com..DesignCodeARKitUITests;
				PRODUCT_NAME = "$(TARGET_NAME)";
				SWIFT_VERSION = 5.0;
				TARGETED_DEVICE_FAMILY = "1,2";
				TEST_TARGET_NAME = DesignCodeARKit;
			};
			name = Debug;
		};
		2DE1BE3B249186D400EDFB84 /* Release */ = {
			isa = XCBuildConfiguration;
			buildSettings = {
				ALWAYS_EMBED_SWIFT_STANDARD_LIBRARIES = YES;
				CODE_SIGN_STYLE = Automatic;
				INFOPLIST_FILE = DesignCodeARKitUITests/Info.plist;
				LD_RUNPATH_SEARCH_PATHS = (
					"$(inherited)",
					"@executable_path/Frameworks",
					"@loader_path/Frameworks",
				);
				PRODUCT_BUNDLE_IDENTIFIER = com..DesignCodeARKitUITests;
				PRODUCT_NAME = "$(TARGET_NAME)";
				SWIFT_VERSION = 5.0;
				TARGETED_DEVICE_FAMILY = "1,2";
				TEST_TARGET_NAME = DesignCodeARKit;
			};
			name = Release;
		};
/* End XCBuildConfiguration section */

/* Begin XCConfigurationList section */
		2DE1BE04249186D000EDFB84 /* Build configuration list for PBXProject "DesignCodeARKit" */ = {
			isa = XCConfigurationList;
			buildConfigurations = (
				2DE1BE31249186D400EDFB84 /* Debug */,
				2DE1BE32249186D400EDFB84 /* Release */,
			);
			defaultConfigurationIsVisible = 0;
			defaultConfigurationName = Release;
		};
		2DE1BE33249186D400EDFB84 /* Build configuration list for PBXNativeTarget "DesignCodeARKit" */ = {
			isa = XCConfigurationList;
			buildConfigurations = (
				2DE1BE34249186D400EDFB84 /* Debug */,
				2DE1BE35249186D400EDFB84 /* Release */,
			);
			defaultConfigurationIsVisible = 0;
			defaultConfigurationName = Release;
		};
		2DE1BE36249186D400EDFB84 /* Build configuration list for PBXNativeTarget "DesignCodeARKitTests" */ = {
			isa = XCConfigurationList;
			buildConfigurations = (
				2DE1BE37249186D400EDFB84 /* Debug */,
				2DE1BE38249186D400EDFB84 /* Release */,
			);
			defaultConfigurationIsVisible = 0;
			defaultConfigurationName = Release;
		};
		2DE1BE39249186D400EDFB84 /* Build configuration list for PBXNativeTarget "DesignCodeARKitUITests" */ = {
			isa = XCConfigurationList;
			buildConfigurations = (
				2DE1BE3A249186D400EDFB84 /* Debug */,
				2DE1BE3B249186D400EDFB84 /* Release */,
			);
			defaultConfigurationIsVisible = 0;
			defaultConfigurationName = Release;
		};
/* End XCConfigurationList section */
	};
	rootObject = 2DE1BE01249186D000EDFB84 /* Project object */;
}
